
Microsoft Visual Studio Solution File, Format Version 12.00
# Visual Studio Version 16
VisualStudioVersion = 16.0.29613.14
MinimumVisualStudioVersion = 10.0.40219.1
Project("{FAE04EC0-301F-11D3-BF4B-00C04F79EFBC}") = "FactoryMethod", "FactoryMethod\FactoryMethod.csproj", "{76827A98-6998-49C5-8886-5CA4B72DDA98}"
EndProject
Project("{FAE04EC0-301F-11D3-BF4B-00C04F79EFBC}") = "AbstractFactory", "AbstractFactory\AbstractFactory.csproj", "{78582482-471C-4662-864F-9CCE9363D0AD}"
EndProject
Project("{FAE04EC0-301F-11D3-BF4B-00C04F79EFBC}") = "Decorator", "Decorator\Decorator.csproj", "{07D66257-0359-495C-B101-C32CEC6EE266}"
EndProject
Project("{FAE04EC0-301F-11D3-BF4B-00C04F79EFBC}") = "Iterator", "Iterator\Iterator.csproj", "{C46B4812-F6E3-4E92-B876-9FEAFCC0E9C4}"
EndProject
Project("{FAE04EC0-301F-11D3-BF4B-00C04F79EFBC}") = "Singleton", "Singleton\Singleton.csproj", "{4844767D-1C4C-4A73-B7E0-0F94BEFA49F9}"
EndProject
Global
	GlobalSection(SolutionConfigurationPlatforms) = preSolution
		Debug|Any CPU = Debug|Any CPU
		Release|Any CPU = Release|Any CPU
	EndGlobalSection
	GlobalSection(ProjectConfigurationPlatforms) = postSolution
		{76827A98-6998-49C5-8886-5CA4B72DDA98}.Debug|Any CPU.ActiveCfg = Debug|Any CPU
		{76827A98-6998-49C5-8886-5CA4B72DDA98}.Debug|Any CPU.Build.0 = Debug|Any CPU
		{76827A98-6998-49C5-8886-5CA4B72DDA98}.Release|Any CPU.ActiveCfg = Release|Any CPU
		{76827A98-6998-49C5-8886-5CA4B72DDA98}.Release|Any CPU.Build.0 = Release|Any CPU
		{78582482-471C-4662-864F-9CCE9363D0AD}.Debug|Any CPU.ActiveCfg = Debug|Any CPU
		{78582482-471C-4662-864F-9CCE9363D0AD}.Debug|Any CPU.Build.0 = Debug|Any CPU
		{78582482-471C-4662-864F-9CCE9363D0AD}.Release|Any CPU.ActiveCfg = Release|Any CPU
		{78582482-471C-4662-864F-9CCE9363D0AD}.Release|Any CPU.Build.0 = Release|Any CPU
		{07D66257-0359-495C-B101-C32CEC6EE266}.Debug|Any CPU.ActiveCfg = Debug|Any CPU
		{07D66257-0359-495C-B101-C32CEC6EE266}.Debug|Any CPU.Build.0 = Debug|Any CPU
		{07D66257-0359-495C-B101-C32CEC6EE266}.Release|Any CPU.ActiveCfg = Release|Any CPU
		{07D66257-0359-495C-B101-C32CEC6EE266}.Release|Any CPU.Build.0 = Release|Any CPU
		{C46B4812-F6E3-4E92-B876-9FEAFCC0E9C4}.Debug|Any CPU.ActiveCfg = Debug|Any CPU
		{C46B4812-F6E3-4E92-B876-9FEAFCC0E9C4}.Debug|Any CPU.Build.0 = Debug|Any CPU
		{C46B4812-F6E3-4E92-B876-9FEAFCC0E9C4}.Release|Any CPU.ActiveCfg = Release|Any CPU
		{C46B4812-F6E3-4E92-B876-9FEAFCC0E9C4}.Release|Any CPU.Build.0 = Release|Any CPU
		{4844767D-1C4C-4A73-B7E0-0F94BEFA49F9}.Debug|Any CPU.ActiveCfg = Debug|Any CPU
		{4844767D-1C4C-4A73-B7E0-0F94BEFA49F9}.Debug|Any CPU.Build.0 = Debug|Any CPU
		{4844767D-1C4C-4A73-B7E0-0F94BEFA49F9}.Release|Any CPU.ActiveCfg = Release|Any CPU
		{4844767D-1C4C-4A73-B7E0-0F94BEFA49F9}.Release|Any CPU.Build.0 = Release|Any CPU
	EndGlobalSection
	GlobalSection(SolutionProperties) = preSolution
		HideSolutionNode = FALSE
	EndGlobalSection
	GlobalSection(ExtensibilityGlobals) = postSolution
		SolutionGuid = {50652304-ADF0-494B-AECB-9826040E5CAE}
	EndGlobalSection
EndGlobal
